# This file is autogenerated, do not edit; changes may be undone by the next 'dep ensure'.


[[projects]]
  branch = "master"
  digest = "1:5a1389bdbd1130cce1418d1f10043379b579f54a01bb5c65df75dd2a65af879d"
  name = "github.com/DisposaBoy/JsonConfigReader"
  packages = ["."]
  pruneopts = "UT"
  revision = "5ea4d0ddac554439159cd6f191cb94a110d73352"

[solve-meta]
  analyzer-name = "dep"
  analyzer-version = 1
  input-imports = ["github.com/DisposaBoy/JsonConfigReader"]
  solver-name = "gps-cdcl"
  solver-version = 1
